
Microsoft Visual Studio Solution File, Format Version 12.00
# Visual Studio Version 17
VisualStudioVersion = 17.5.002.0
MinimumVisualStudioVersion = 10.0.40219.1
Project("{9A19103F-16F7-4668-BE54-9A1E7A4F7556}") = "DemoRaph", "DemoRaph.csproj", "{B77E2B91-C68A-4103-B3F2-5791897EFC97}"
EndProject
Global
	GlobalSection(SolutionConfigurationPlatforms) = preSolution
		Debug|Any CPU = Debug|Any CPU
		Release|Any CPU = Release|Any CPU
	EndGlobalSection
	GlobalSection(ProjectConfigurationPlatforms) = postSolution
		{B77E2B91-C68A-4103-B3F2-5791897EFC97}.Debug|Any CPU.ActiveCfg = Debug|Any CPU
		{B77E2B91-C68A-4103-B3F2-5791897EFC97}.Debug|Any CPU.Build.0 = Debug|Any CPU
		{B77E2B91-C68A-4103-B3F2-5791897EFC97}.Release|Any CPU.ActiveCfg = Release|Any CPU
		{B77E2B91-C68A-4103-B3F2-5791897EFC97}.Release|Any CPU.Build.0 = Release|Any CPU
	EndGlobalSection
	GlobalSection(SolutionProperties) = preSolution
		HideSolutionNode = FALSE
	EndGlobalSection
	GlobalSection(ExtensibilityGlobals) = postSolution
		SolutionGuid = {3DAEF0C5-F493-4481-A84E-61C655D07795}
	EndGlobalSection
EndGlobal
